// !$*UTF8*$!
{
	archiveVersion = 1;
	classes = {
	};
	objectVersion = 46;
	objects = {

/* Begin PBXBuildFile section */
		8795C4327204C8542740C3F3 /* Pods_LottieDemo.framework in Frameworks */ = {isa = PBXBuildFile; fileRef = 6FA9B1E079B756BBD291923B /* Pods_LottieDemo.framework */; };
		F4EDCE841EADC853006EE7FB /* AppDelegate.swift in Sources */ = {isa = PBXBuildFile; fileRef = F4EDCE831EADC853006EE7FB /* AppDelegate.swift */; };
		F4EDCE861EADC853006EE7FB /* ViewController.swift in Sources */ = {isa = PBXBuildFile; fileRef = F4EDCE851EADC853006EE7FB /* ViewController.swift */; };
		F4EDCE891EADC853006EE7FB /* Main.storyboard in Resources */ = {isa = PBXBuildFile; fileRef = F4EDCE871EADC853006EE7FB /* Main.storyboard */; };
		F4EDCE8B1EADC853006EE7FB /* Assets.xcassets in Resources */ = {isa = PBXBuildFile; fileRef = F4EDCE8A1EADC853006EE7FB /* Assets.xcassets */; };
		F4EDCE8E1EADC853006EE7FB /* LaunchScreen.storyboard in Resources */ = {isa = PBXBuildFile; fileRef = F4EDCE8C1EADC853006EE7FB /* LaunchScreen.storyboard */; };
		F4EDCE961EAE5975006EE7FB /* servishero_loading.json in Resources */ = {isa = PBXBuildFile; fileRef = F4EDCE951EAE5975006EE7FB /* servishero_loading.json */; };
/* End PBXBuildFile section */

/* Begin PBXFileReference section */
		39E58085860129431978F872 /* Pods-LottieDemo.debug.xcconfig */ = {isa = PBXFileReference; includeInIndex = 1; lastKnownFileType = text.xcconfig; name = "Pods-LottieDemo.debug.xcconfig"; path = "Pods/Target Support Files/Pods-LottieDemo/Pods-LottieDemo.debug.xcconfig"; sourceTree = "<group>"; };
		5218737EC82197AA395B1C08 /* Pods-LottieDemo.release.xcconfig */ = {isa = PBXFileReference; includeInIndex = 1; lastKnownFileType = text.xcconfig; name = "Pods-LottieDemo.release.xcconfig"; path = "Pods/Target Support Files/Pods-LottieDemo/Pods-LottieDemo.release.xcconfig"; sourceTree = "<group>"; };
		6FA9B1E079B756BBD291923B /* Pods_LottieDemo.framework */ = {isa = PBXFileReference; explicitFileType = wrapper.framework; includeInIndex = 0; path = Pods_LottieDemo.framework; sourceTree = BUILT_PRODUCTS_DIR; };
		F4EDCE801EADC853006EE7FB /* LottieDemo.app */ = {isa = PBXFileReference; explicitFileType = wrapper.application; includeInIndex = 0; path = LottieDemo.app; sourceTree = BUILT_PRODUCTS_DIR; };
		F4EDCE831EADC853006EE7FB /* AppDelegate.swift */ = {isa = PBXFileReference; lastKnownFileType = sourcecode.swift; path = AppDelegate.swift; sourceTree = "<group>"; };
		F4EDCE851EADC853006EE7FB /* ViewController.swift */ = {isa = PBXFileReference; lastKnownFileType = sourcecode.swift; path = ViewController.swift; sourceTree = "<group>"; };
		F4EDCE881EADC853006EE7FB /* Base */ = {isa = PBXFileReference; lastKnownFileType = file.storyboard; name = Base; path = Base.lproj/Main.storyboard; sourceTree = "<group>"; };
		F4EDCE8A1EADC853006EE7FB /* Assets.xcassets */ = {isa = PBXFileReference; lastKnownFileType = folder.assetcatalog; path = Assets.xcassets; sourceTree = "<group>"; };
		F4EDCE8D1EADC853006EE7FB /* Base */ = {isa = PBXFileReference; lastKnownFileType = file.storyboard; name = Base; path = Base.lproj/LaunchScreen.storyboard; sourceTree = "<group>"; };
		F4EDCE8F1EADC853006EE7FB /* Info.plist */ = {isa = PBXFileReference; lastKnownFileType = text.plist.xml; path = Info.plist; sourceTree = "<group>"; };
		F4EDCE951EAE5975006EE7FB /* servishero_loading.json */ = {isa = PBXFileReference; fileEncoding = 4; lastKnownFileType = text.json; path = servishero_loading.json; sourceTree = "<group>"; };
/* End PBXFileReference section */

/* Begin PBXFrameworksBuildPhase section */
		F4EDCE7D1EADC853006EE7FB /* Frameworks */ = {
			isa = PBXFrameworksBuildPhase;
			buildActionMask = 2147483647;
			files = (
				8795C4327204C8542740C3F3 /* Pods_LottieDemo.framework in Frameworks */,
			);
			runOnlyForDeploymentPostprocessing = 0;
		};
/* End PBXFrameworksBuildPhase section */

/* Begin PBXGroup section */
		32750CAFFC24DC606074EEE2 /* Frameworks */ = {
			isa = PBXGroup;
			children = (
				6FA9B1E079B756BBD291923B /* Pods_LottieDemo.framework */,
			);
			name = Frameworks;
			sourceTree = "<group>";
		};
		F4EDCE771EADC853006EE7FB = {
			isa = PBXGroup;
			children = (
				F4EDCE821EADC853006EE7FB /* LottieDemo */,
				F4EDCE811EADC853006EE7FB /* Products */,
				F813C3DC6E40C4E180EE3947 /* Pods */,
				32750CAFFC24DC606074EEE2 /* Frameworks */,
			);
			sourceTree = "<group>";
		};
		F4EDCE811EADC853006EE7FB /* Products */ = {
			isa = PBXGroup;
			children = (
				F4EDCE801EADC853006EE7FB /* LottieDemo.app */,
			);
			name = Products;
			sourceTree = "<group>";
		};
		F4EDCE821EADC853006EE7FB /* LottieDemo */ = {
			isa = PBXGroup;
			children = (
				F4EDCE951EAE5975006EE7FB /* servishero_loading.json */,
				F4EDCE831EADC853006EE7FB /* AppDelegate.swift */,
				F4EDCE851EADC853006EE7FB /* ViewController.swift */,
				F4EDCE871EADC853006EE7FB /* Main.storyboard */,
				F4EDCE8A1EADC853006EE7FB /* Assets.xcassets */,
				F4EDCE8C1EADC853006EE7FB /* LaunchScreen.storyboard */,
				F4EDCE8F1EADC853006EE7FB /* Info.plist */,
			);
			path = LottieDemo;
			sourceTree = "<group>";
		};
		F813C3DC6E40C4E180EE3947 /* Pods */ = {
			isa = PBXGroup;
			children = (
				39E58085860129431978F872 /* Pods-LottieDemo.debug.xcconfig */,
				5218737EC82197AA395B1C08 /* Pods-LottieDemo.release.xcconfig */,
			);
			name = Pods;
			sourceTree = "<group>";
		};
/* End PBXGroup section */

/* Begin PBXNativeTarget section */
		F4EDCE7F1EADC853006EE7FB /* LottieDemo */ = {
			isa = PBXNativeTarget;
			buildConfigurationList = F4EDCE921EADC853006EE7FB /* Build configuration list for PBXNativeTarget "LottieDemo" */;
			buildPhases = (
				D8FBC6F2BB35E49A19729303 /* [CP] Check Pods Manifest.lock */,
				F4EDCE7C1EADC853006EE7FB /* Sources */,
				F4EDCE7D1EADC853006EE7FB /* Frameworks */,
				F4EDCE7E1EADC853006EE7FB /* Resources */,
				00FC82BCDFD69533C5F7CF61 /* [CP] Embed Pods Frameworks */,
				1CA981C15C08B3878E4C2C93 /* [CP] Copy Pods Resources */,
			);
			buildRules = (
			);
			dependencies = (
			);
			name = LottieDemo;
			productName = LottieDemo;
			productReference = F4EDCE801EADC853006EE7FB /* LottieDemo.app */;
			productType = "com.apple.product-type.application";
		};
/* End PBXNativeTarget section */

/* Begin PBXProject section */
		F4EDCE781EADC853006EE7FB /* Project object */ = {
			isa = PBXProject;
			attributes = {
				LastSwiftUpdateCheck = 0830;
				LastUpgradeCheck = 0830;
				ORGANIZATIONNAME = AppCoda;
				TargetAttributes = {
					F4EDCE7F1EADC853006EE7FB = {
						CreatedOnToolsVersion = 8.3.2;
						DevelopmentTeam = YZP52RND5S;
						ProvisioningStyle = Automatic;
					};
				};
			};
			buildConfigurationList = F4EDCE7B1EADC853006EE7FB /* Build configuration list for PBXProject "LottieDemo" */;
			compatibilityVersion = "Xcode 3.2";
			developmentRegion = English;
			hasScannedForEncodings = 0;
			knownRegions = (
				en,
				Base,
			);
			mainGroup = F4EDCE771EADC853006EE7FB;
			productRefGroup = F4EDCE811EADC853006EE7FB /* Products */;
			projectDirPath = "";
			projectRoot = "";
			targets = (
				F4EDCE7F1EADC853006EE7FB /* LottieDemo */,
			);
		};
/* End PBXProject section */

/* Begin PBXResourcesBuildPhase section */
		F4EDCE7E1EADC853006EE7FB /* Resources */ = {
			isa = PBXResourcesBuildPhase;
			buildActionMask = 2147483647;
			files = (
				F4EDCE8E1EADC853006EE7FB /* LaunchScreen.storyboard in Resources */,
				F4EDCE8B1EADC853006EE7FB /* Assets.xcassets in Resources */,
				F4EDCE961EAE5975006EE7FB /* servishero_loading.json in Resources */,
				F4EDCE891EADC853006EE7FB /* Main.storyboard in Resources */,
			);
			runOnlyForDeploymentPostprocessing = 0;
		};
/* End PBXResourcesBuildPhase section */

/* Begin PBXShellScriptBuildPhase section */
		00FC82BCDFD69533C5F7CF61 /* [CP] Embed Pods Frameworks */ = {
			isa = PBXShellScriptBuildPhase;
			buildActionMask = 2147483647;
			files = (
			);
			inputPaths = (
			);
			name = "[CP] Embed Pods Frameworks";
			outputPaths = (
			);
			runOnlyForDeploymentPostprocessing = 0;
			shellPath = /bin/sh;
			shellScript = "\"${SRCROOT}/Pods/Target Support Files/Pods-LottieDemo/Pods-LottieDemo-frameworks.sh\"\n";
			showEnvVarsInLog = 0;
		};
		1CA981C15C08B3878E4C2C93 /* [CP] Copy Pods Resources */ = {
			isa = PBXShellScriptBuildPhase;
			buildActionMask = 2147483647;
			files = (
			);
			inputPaths = (
			);
			name = "[CP] Copy Pods Resources";
			outputPaths = (
			);
			runOnlyForDeploymentPostprocessing = 0;
			shellPath = /bin/sh;
			shellScript = "\"${SRCROOT}/Pods/Target Support Files/Pods-LottieDemo/Pods-LottieDemo-resources.sh\"\n";
			showEnvVarsInLog = 0;
		};
		D8FBC6F2BB35E49A19729303 /* [CP] Check Pods Manifest.lock */ = {
			isa = PBXShellScriptBuildPhase;
			buildActionMask = 2147483647;
			files = (
			);
			inputPaths = (
			);
			name = "[CP] Check Pods Manifest.lock";
			outputPaths = (
			);
			runOnlyForDeploymentPostprocessing = 0;
			shellPath = /bin/sh;
			shellScript = "diff \"${PODS_ROOT}/../Podfile.lock\" \"${PODS_ROOT}/Manifest.lock\" > /dev/null\nif [ $? != 0 ] ; then\n    # print error to STDERR\n    echo \"error: The sandbox is not in sync with the Podfile.lock. Run 'pod install' or update your CocoaPods installation.\" >&2\n    exit 1\nfi\n";
			showEnvVarsInLog = 0;
		};
/* End PBXShellScriptBuildPhase section */

/* Begin PBXSourcesBuildPhase section */
		F4EDCE7C1EADC853006EE7FB /* Sources */ = {
			isa = PBXSourcesBuildPhase;
			buildActionMask = 2147483647;
			files = (
				F4EDCE861EADC853006EE7FB /* ViewController.swift in Sources */,
				F4EDCE841EADC853006EE7FB /* AppDelegate.swift in Sources */,
			);
			runOnlyForDeploymentPostprocessing = 0;
		};
/* End PBXSourcesBuildPhase section */

/* Begin PBXVariantGroup section */
		F4EDCE871EADC853006EE7FB /* Main.storyboard */ = {
			isa = PBXVariantGroup;
			children = (
				F4EDCE881EADC853006EE7FB /* Base */,
			);
			name = Main.storyboard;
			sourceTree = "<group>";
		};
		F4EDCE8C1EADC853006EE7FB /* LaunchScreen.storyboard */ = {
			isa = PBXVariantGroup;
			children = (
				F4EDCE8D1EADC853006EE7FB /* Base */,
			);
			name = LaunchScreen.storyboard;
			sourceTree = "<group>";
		};
/* End PBXVariantGroup section */

/* Begin XCBuildConfiguration section */
		F4EDCE901EADC853006EE7FB /* Debug */ = {
			isa = XCBuildConfiguration;
			buildSettings = {
				ALWAYS_SEARCH_USER_PATHS = NO;
				CLANG_ANALYZER_NONNULL = YES;
				CLANG_ANALYZER_NUMBER_OBJECT_CONVERSION = YES_AGGRESSIVE;
				CLANG_CXX_LANGUAGE_STANDARD = "gnu++0x";
				CLANG_CXX_LIBRARY = "libc++";
				CLANG_ENABLE_MODULES = YES;
				CLANG_ENABLE_OBJC_ARC = YES;
				CLANG_WARN_BOOL_CONVERSION = YES;
				CLANG_WARN_CONSTANT_CONVERSION = YES;
				CLANG_WARN_DIRECT_OBJC_ISA_USAGE = YES_ERROR;
				CLANG_WARN_DOCUMENTATION_COMMENTS = YES;
				CLANG_WARN_EMPTY_BODY = YES;
				CLANG_WARN_ENUM_CONVERSION = YES;
				CLANG_WARN_INFINITE_RECURSION = YES;
				CLANG_WARN_INT_CONVERSION = YES;
				CLANG_WARN_OBJC_ROOT_CLASS = YES_ERROR;
				CLANG_WARN_SUSPICIOUS_MOVE = YES;
				CLANG_WARN_UNREACHABLE_CODE = YES;
				CLANG_WARN__DUPLICATE_METHOD_MATCH = YES;
				"CODE_SIGN_IDENTITY[sdk=iphoneos*]" = "iPhone Developer";
				COPY_PHASE_STRIP = NO;
				DEBUG_INFORMATION_FORMAT = dwarf;
				ENABLE_STRICT_OBJC_MSGSEND = YES;
				ENABLE_TESTABILITY = YES;
				GCC_C_LANGUAGE_STANDARD = gnu99;
				GCC_DYNAMIC_NO_PIC = NO;
				GCC_NO_COMMON_BLOCKS = YES;
				GCC_OPTIMIZATION_LEVEL = 0;
				GCC_PREPROCESSOR_DEFINITIONS = (
					"DEBUG=1",
					"$(inherited)",
				);
				GCC_WARN_64_TO_32_BIT_CONVERSION = YES;
				GCC_WARN_ABOUT_RETURN_TYPE = YES_ERROR;
				GCC_WARN_UNDECLARED_SELECTOR = YES;
				GCC_WARN_UNINITIALIZED_AUTOS = YES_AGGRESSIVE;
				GCC_WARN_UNUSED_FUNCTION = YES;
				GCC_WARN_UNUSED_VARIABLE = YES;
				IPHONEOS_DEPLOYMENT_TARGET = 10.3;
				MTL_ENABLE_DEBUG_INFO = YES;
				ONLY_ACTIVE_ARCH = YES;
				SDKROOT = iphoneos;
				SWIFT_ACTIVE_COMPILATION_CONDITIONS = DEBUG;
				SWIFT_OPTIMIZATION_LEVEL = "-Onone";
			};
			name = Debug;
		};
		F4EDCE911EADC853006EE7FB /* Release */ = {
			isa = XCBuildConfiguration;
			buildSettings = {
				ALWAYS_SEARCH_USER_PATHS = NO;
				CLANG_ANALYZER_NONNULL = YES;
				CLANG_ANALYZER_NUMBER_OBJECT_CONVERSION = YES_AGGRESSIVE;
				CLANG_CXX_LANGUAGE_STANDARD = "gnu++0x";
				CLANG_CXX_LIBRARY = "libc++";
				CLANG_ENABLE_MODULES = YES;
				CLANG_ENABLE_OBJC_ARC = YES;
				CLANG_WARN_BOOL_CONVERSION = YES;
				CLANG_WARN_CONSTANT_CONVERSION = YES;
				CLANG_WARN_DIRECT_OBJC_ISA_USAGE = YES_ERROR;
				CLANG_WARN_DOCUMENTATION_COMMENTS = YES;
				CLANG_WARN_EMPTY_BODY = YES;
				CLANG_WARN_ENUM_CONVERSION = YES;
				CLANG_WARN_INFINITE_RECURSION = YES;
				CLANG_WARN_INT_CONVERSION = YES;
				CLANG_WARN_OBJC_ROOT_CLASS = YES_ERROR;
				CLANG_WARN_SUSPICIOUS_MOVE = YES;
				CLANG_WARN_UNREACHABLE_CODE = YES;
				CLANG_WARN__DUPLICATE_METHOD_MATCH = YES;
				"CODE_SIGN_IDENTITY[sdk=iphoneos*]" = "iPhone Developer";
				COPY_PHASE_STRIP = NO;
				DEBUG_INFORMATION_FORMAT = "dwarf-with-dsym";
				ENABLE_NS_ASSERTIONS = NO;
				ENABLE_STRICT_OBJC_MSGSEND = YES;
				GCC_C_LANGUAGE_STANDARD = gnu99;
				GCC_NO_COMMON_BLOCKS = YES;
				GCC_WARN_64_TO_32_BIT_CONVERSION = YES;
				GCC_WARN_ABOUT_RETURN_TYPE = YES_ERROR;
				GCC_WARN_UNDECLARED_SELECTOR = YES;
				GCC_WARN_UNINITIALIZED_AUTOS = YES_AGGRESSIVE;
				GCC_WARN_UNUSED_FUNCTION = YES;
				GCC_WARN_UNUSED_VARIABLE = YES;
				IPHONEOS_DEPLOYMENT_TARGET = 10.3;
				MTL_ENABLE_DEBUG_INFO = NO;
				SDKROOT = iphoneos;
				SWIFT_OPTIMIZATION_LEVEL = "-Owholemodule";
				VALIDATE_PRODUCT = YES;
			};
			name = Release;
		};
		F4EDCE931EADC853006EE7FB /* Debug */ = {
			isa = XCBuildConfiguration;
			baseConfigurationReference = 39E58085860129431978F872 /* Pods-LottieDemo.debug.xcconfig */;
			buildSettings = {
				ASSETCATALOG_COMPILER_APPICON_NAME = AppIcon;
				DEVELOPMENT_TEAM = YZP52RND5S;
				INFOPLIST_FILE = LottieDemo/Info.plist;
				LD_RUNPATH_SEARCH_PATHS = "$(inherited) @executable_path/Frameworks";
				PRODUCT_BUNDLE_IDENTIFIER = com.appcoda.LottieDemo;
				PRODUCT_NAME = "$(TARGET_NAME)";
				SWIFT_VERSION = 3.0;
			};
			name = Debug;
		};
		F4EDCE941EADC853006EE7FB /* Release */ = {
			isa = XCBuildConfiguration;
			baseConfigurationReference = 5218737EC82197AA395B1C08 /* Pods-LottieDemo.release.xcconfig */;
			buildSettings = {
				ASSETCATALOG_COMPILER_APPICON_NAME = AppIcon;
				DEVELOPMENT_TEAM = YZP52RND5S;
				INFOPLIST_FILE = LottieDemo/Info.plist;
				LD_RUNPATH_SEARCH_PATHS = "$(inherited) @executable_path/Frameworks";
				PRODUCT_BUNDLE_IDENTIFIER = com.appcoda.LottieDemo;
				PRODUCT_NAME = "$(TARGET_NAME)";
				SWIFT_VERSION = 3.0;
			};
			name = Release;
		};
/* End XCBuildConfiguration section */

/* Begin XCConfigurationList section */
		F4EDCE7B1EADC853006EE7FB /* Build configuration list for PBXProject "LottieDemo" */ = {
			isa = XCConfigurationList;
			buildConfigurations = (
				F4EDCE901EADC853006EE7FB /* Debug */,
				F4EDCE911EADC853006EE7FB /* Release */,
			);
			defaultConfigurationIsVisible = 0;
			defaultConfigurationName = Release;
		};
		F4EDCE921EADC853006EE7FB /* Build configuration list for PBXNativeTarget "LottieDemo" */ = {
			isa = XCConfigurationList;
			buildConfigurations = (
				F4EDCE931EADC853006EE7FB /* Debug */,
				F4EDCE941EADC853006EE7FB /* Release */,
			);
			defaultConfigurationIsVisible = 0;
			defaultConfigurationName = Release;
		};
/* End XCConfigurationList section */
	};
	rootObject = F4EDCE781EADC853006EE7FB /* Project object */;
}
